// !$*UTF8*$!
{
	archiveVersion = 1;
	classes = {
	};
	objectVersion = 48;
	objects = {

/* Begin PBXBuildFile section */
		175AD23421AE3562002CB6B3 /* AppDelegate.swift in Sources */ = {isa = PBXBuildFile; fileRef = 175AD23321AE3562002CB6B3 /* AppDelegate.swift */; };
		175AD23621AE3562002CB6B3 /* ViewController.swift in Sources */ = {isa = PBXBuildFile; fileRef = 175AD23521AE3562002CB6B3 /* ViewController.swift */; };
		175AD23921AE3562002CB6B3 /* Main.storyboard in Resources */ = {isa = PBXBuildFile; fileRef = 175AD23721AE3562002CB6B3 /* Main.storyboard */; };
		175AD23B21AE3562002CB6B3 /* Assets.xcassets in Resources */ = {isa = PBXBuildFile; fileRef = 175AD23A21AE3562002CB6B3 /* Assets.xcassets */; };
		175AD23E21AE3562002CB6B3 /* LaunchScreen.storyboard in Resources */ = {isa = PBXBuildFile; fileRef = 175AD23C21AE3562002CB6B3 /* LaunchScreen.storyboard */; };
		175AD24921AE3562002CB6B3 /* _98_hw11Tests.swift in Sources */ = {isa = PBXBuildFile; fileRef = 175AD24821AE3562002CB6B3 /* _98_hw11Tests.swift */; };
		175AD25421AE3562002CB6B3 /* _98_hw11UITests.swift in Sources */ = {isa = PBXBuildFile; fileRef = 175AD25321AE3562002CB6B3 /* _98_hw11UITests.swift */; };
/* End PBXBuildFile section */

/* Begin PBXContainerItemProxy section */
		175AD24521AE3562002CB6B3 /* PBXContainerItemProxy */ = {
			isa = PBXContainerItemProxy;
			containerPortal = 175AD22821AE3562002CB6B3 /* Project object */;
			proxyType = 1;
			remoteGlobalIDString = 175AD22F21AE3562002CB6B3;
			remoteInfo = "398-hw11";
		};
		175AD25021AE3562002CB6B3 /* PBXContainerItemProxy */ = {
			isa = PBXContainerItemProxy;
			containerPortal = 175AD22821AE3562002CB6B3 /* Project object */;
			proxyType = 1;
			remoteGlobalIDString = 175AD22F21AE3562002CB6B3;
			remoteInfo = "398-hw11";
		};
/* End PBXContainerItemProxy section */

/* Begin PBXFileReference section */
		175AD23021AE3562002CB6B3 /* 398-hw11.app */ = {isa = PBXFileReference; explicitFileType = wrapper.application; includeInIndex = 0; path = "398-hw11.app"; sourceTree = BUILT_PRODUCTS_DIR; };
		175AD23321AE3562002CB6B3 /* AppDelegate.swift */ = {isa = PBXFileReference; lastKnownFileType = sourcecode.swift; path = AppDelegate.swift; sourceTree = "<group>"; };
		175AD23521AE3562002CB6B3 /* ViewController.swift */ = {isa = PBXFileReference; lastKnownFileType = sourcecode.swift; path = ViewController.swift; sourceTree = "<group>"; };
		175AD23821AE3562002CB6B3 /* Base */ = {isa = PBXFileReference; lastKnownFileType = file.storyboard; name = Base; path = Base.lproj/Main.storyboard; sourceTree = "<group>"; };
		175AD23A21AE3562002CB6B3 /* Assets.xcassets */ = {isa = PBXFileReference; lastKnownFileType = folder.assetcatalog; path = Assets.xcassets; sourceTree = "<group>"; };
		175AD23D21AE3562002CB6B3 /* Base */ = {isa = PBXFileReference; lastKnownFileType = file.storyboard; name = Base; path = Base.lproj/LaunchScreen.storyboard; sourceTree = "<group>"; };
		175AD23F21AE3562002CB6B3 /* Info.plist */ = {isa = PBXFileReference; lastKnownFileType = text.plist.xml; path = Info.plist; sourceTree = "<group>"; };
		175AD24421AE3562002CB6B3 /* 398-hw11Tests.xctest */ = {isa = PBXFileReference; explicitFileType = wrapper.cfbundle; includeInIndex = 0; path = "398-hw11Tests.xctest"; sourceTree = BUILT_PRODUCTS_DIR; };
		175AD24821AE3562002CB6B3 /* _98_hw11Tests.swift */ = {isa = PBXFileReference; lastKnownFileType = sourcecode.swift; path = _98_hw11Tests.swift; sourceTree = "<group>"; };
		175AD24A21AE3562002CB6B3 /* Info.plist */ = {isa = PBXFileReference; lastKnownFileType = text.plist.xml; path = Info.plist; sourceTree = "<group>"; };
		175AD24F21AE3562002CB6B3 /* 398-hw11UITests.xctest */ = {isa = PBXFileReference; explicitFileType = wrapper.cfbundle; includeInIndex = 0; path = "398-hw11UITests.xctest"; sourceTree = BUILT_PRODUCTS_DIR; };
		175AD25321AE3562002CB6B3 /* _98_hw11UITests.swift */ = {isa = PBXFileReference; lastKnownFileType = sourcecode.swift; path = _98_hw11UITests.swift; sourceTree = "<group>"; };
		175AD25521AE3562002CB6B3 /* Info.plist */ = {isa = PBXFileReference; lastKnownFileType = text.plist.xml; path = Info.plist; sourceTree = "<group>"; };
/* End PBXFileReference section */

/* Begin PBXFrameworksBuildPhase section */
		175AD22D21AE3562002CB6B3 /* Frameworks */ = {
			isa = PBXFrameworksBuildPhase;
			buildActionMask = 2147483647;
			files = (
			);
			runOnlyForDeploymentPostprocessing = 0;
		};
		175AD24121AE3562002CB6B3 /* Frameworks */ = {
			isa = PBXFrameworksBuildPhase;
			buildActionMask = 2147483647;
			files = (
			);
			runOnlyForDeploymentPostprocessing = 0;
		};
		175AD24C21AE3562002CB6B3 /* Frameworks */ = {
			isa = PBXFrameworksBuildPhase;
			buildActionMask = 2147483647;
			files = (
			);
			runOnlyForDeploymentPostprocessing = 0;
		};
/* End PBXFrameworksBuildPhase section */

/* Begin PBXGroup section */
		175AD22721AE3562002CB6B3 = {
			isa = PBXGroup;
			children = (
				175AD23221AE3562002CB6B3 /* 398-hw11 */,
				175AD24721AE3562002CB6B3 /* 398-hw11Tests */,
				175AD25221AE3562002CB6B3 /* 398-hw11UITests */,
				175AD23121AE3562002CB6B3 /* Products */,
			);
			sourceTree = "<group>";
		};
		175AD23121AE3562002CB6B3 /* Products */ = {
			isa = PBXGroup;
			children = (
				175AD23021AE3562002CB6B3 /* 398-hw11.app */,
				175AD24421AE3562002CB6B3 /* 398-hw11Tests.xctest */,
				175AD24F21AE3562002CB6B3 /* 398-hw11UITests.xctest */,
			);
			name = Products;
			sourceTree = "<group>";
		};
		175AD23221AE3562002CB6B3 /* 398-hw11 */ = {
			isa = PBXGroup;
			children = (
				175AD23321AE3562002CB6B3 /* AppDelegate.swift */,
				175AD23521AE3562002CB6B3 /* ViewController.swift */,
				175AD23721AE3562002CB6B3 /* Main.storyboard */,
				175AD23A21AE3562002CB6B3 /* Assets.xcassets */,
				175AD23C21AE3562002CB6B3 /* LaunchScreen.storyboard */,
				175AD23F21AE3562002CB6B3 /* Info.plist */,
			);
			path = "398-hw11";
			sourceTree = "<group>";
		};
		175AD24721AE3562002CB6B3 /* 398-hw11Tests */ = {
			isa = PBXGroup;
			children = (
				175AD24821AE3562002CB6B3 /* _98_hw11Tests.swift */,
				175AD24A21AE3562002CB6B3 /* Info.plist */,
			);
			path = "398-hw11Tests";
			sourceTree = "<group>";
		};
		175AD25221AE3562002CB6B3 /* 398-hw11UITests */ = {
			isa = PBXGroup;
			children = (
				175AD25321AE3562002CB6B3 /* _98_hw11UITests.swift */,
				175AD25521AE3562002CB6B3 /* Info.plist */,
			);
			path = "398-hw11UITests";
			sourceTree = "<group>";
		};
/* End PBXGroup section */

/* Begin PBXNativeTarget section */
		175AD22F21AE3562002CB6B3 /* 398-hw11 */ = {
			isa = PBXNativeTarget;
			buildConfigurationList = 175AD25821AE3562002CB6B3 /* Build configuration list for PBXNativeTarget "398-hw11" */;
			buildPhases = (
				175AD22C21AE3562002CB6B3 /* Sources */,
				175AD22D21AE3562002CB6B3 /* Frameworks */,
				175AD22E21AE3562002CB6B3 /* Resources */,
			);
			buildRules = (
			);
			dependencies = (
			);
			name = "398-hw11";
			productName = "398-hw11";
			productReference = 175AD23021AE3562002CB6B3 /* 398-hw11.app */;
			productType = "com.apple.product-type.application";
		};
		175AD24321AE3562002CB6B3 /* 398-hw11Tests */ = {
			isa = PBXNativeTarget;
			buildConfigurationList = 175AD25B21AE3562002CB6B3 /* Build configuration list for PBXNativeTarget "398-hw11Tests" */;
			buildPhases = (
				175AD24021AE3562002CB6B3 /* Sources */,
				175AD24121AE3562002CB6B3 /* Frameworks */,
				175AD24221AE3562002CB6B3 /* Resources */,
			);
			buildRules = (
			);
			dependencies = (
				175AD24621AE3562002CB6B3 /* PBXTargetDependency */,
			);
			name = "398-hw11Tests";
			productName = "398-hw11Tests";
			productReference = 175AD24421AE3562002CB6B3 /* 398-hw11Tests.xctest */;
			productType = "com.apple.product-type.bundle.unit-test";
		};
		175AD24E21AE3562002CB6B3 /* 398-hw11UITests */ = {
			isa = PBXNativeTarget;
			buildConfigurationList = 175AD25E21AE3562002CB6B3 /* Build configuration list for PBXNativeTarget "398-hw11UITests" */;
			buildPhases = (
				175AD24B21AE3562002CB6B3 /* Sources */,
				175AD24C21AE3562002CB6B3 /* Frameworks */,
				175AD24D21AE3562002CB6B3 /* Resources */,
			);
			buildRules = (
			);
			dependencies = (
				175AD25121AE3562002CB6B3 /* PBXTargetDependency */,
			);
			name = "398-hw11UITests";
			productName = "398-hw11UITests";
			productReference = 175AD24F21AE3562002CB6B3 /* 398-hw11UITests.xctest */;
			productType = "com.apple.product-type.bundle.ui-testing";
		};
/* End PBXNativeTarget section */

/* Begin PBXProject section */
		175AD22821AE3562002CB6B3 /* Project object */ = {
			isa = PBXProject;
			attributes = {
				LastSwiftUpdateCheck = 0920;
				LastUpgradeCheck = 0920;
				ORGANIZATIONNAME = "Jan Gagstetter";
				TargetAttributes = {
					175AD22F21AE3562002CB6B3 = {
						CreatedOnToolsVersion = 9.2;
						ProvisioningStyle = Automatic;
					};
					175AD24321AE3562002CB6B3 = {
						CreatedOnToolsVersion = 9.2;
						ProvisioningStyle = Automatic;
						TestTargetID = 175AD22F21AE3562002CB6B3;
					};
					175AD24E21AE3562002CB6B3 = {
						CreatedOnToolsVersion = 9.2;
						ProvisioningStyle = Automatic;
						TestTargetID = 175AD22F21AE3562002CB6B3;
					};
				};
			};
			buildConfigurationList = 175AD22B21AE3562002CB6B3 /* Build configuration list for PBXProject "398-hw11" */;
			compatibilityVersion = "Xcode 8.0";
			developmentRegion = en;
			hasScannedForEncodings = 0;
			knownRegions = (
				en,
				Base,
			);
			mainGroup = 175AD22721AE3562002CB6B3;
			productRefGroup = 175AD23121AE3562002CB6B3 /* Products */;
			projectDirPath = "";
			projectRoot = "";
			targets = (
				175AD22F21AE3562002CB6B3 /* 398-hw11 */,
				175AD24321AE3562002CB6B3 /* 398-hw11Tests */,
				175AD24E21AE3562002CB6B3 /* 398-hw11UITests */,
			);
		};
/* End PBXProject section */

/* Begin PBXResourcesBuildPhase section */
		175AD22E21AE3562002CB6B3 /* Resources */ = {
			isa = PBXResourcesBuildPhase;
			buildActionMask = 2147483647;
			files = (
				175AD23E21AE3562002CB6B3 /* LaunchScreen.storyboard in Resources */,
				175AD23B21AE3562002CB6B3 /* Assets.xcassets in Resources */,
				175AD23921AE3562002CB6B3 /* Main.storyboard in Resources */,
			);
			runOnlyForDeploymentPostprocessing = 0;
		};
		175AD24221AE3562002CB6B3 /* Resources */ = {
			isa = PBXResourcesBuildPhase;
			buildActionMask = 2147483647;
			files = (
			);
			runOnlyForDeploymentPostprocessing = 0;
		};
		175AD24D21AE3562002CB6B3 /* Resources */ = {
			isa = PBXResourcesBuildPhase;
			buildActionMask = 2147483647;
			files = (
			);
			runOnlyForDeploymentPostprocessing = 0;
		};
/* End PBXResourcesBuildPhase section */

/* Begin PBXSourcesBuildPhase section */
		175AD22C21AE3562002CB6B3 /* Sources */ = {
			isa = PBXSourcesBuildPhase;
			buildActionMask = 2147483647;
			files = (
				175AD23621AE3562002CB6B3 /* ViewController.swift in Sources */,
				175AD23421AE3562002CB6B3 /* AppDelegate.swift in Sources */,
			);
			runOnlyForDeploymentPostprocessing = 0;
		};
		175AD24021AE3562002CB6B3 /* Sources */ = {
			isa = PBXSourcesBuildPhase;
			buildActionMask = 2147483647;
			files = (
				175AD24921AE3562002CB6B3 /* _98_hw11Tests.swift in Sources */,
			);
			runOnlyForDeploymentPostprocessing = 0;
		};
		175AD24B21AE3562002CB6B3 /* Sources */ = {
			isa = PBXSourcesBuildPhase;
			buildActionMask = 2147483647;
			files = (
				175AD25421AE3562002CB6B3 /* _98_hw11UITests.swift in Sources */,
			);
			runOnlyForDeploymentPostprocessing = 0;
		};
/* End PBXSourcesBuildPhase section */

/* Begin PBXTargetDependency section */
		175AD24621AE3562002CB6B3 /* PBXTargetDependency */ = {
			isa = PBXTargetDependency;
			target = 175AD22F21AE3562002CB6B3 /* 398-hw11 */;
			targetProxy = 175AD24521AE3562002CB6B3 /* PBXContainerItemProxy */;
		};
		175AD25121AE3562002CB6B3 /* PBXTargetDependency */ = {
			isa = PBXTargetDependency;
			target = 175AD22F21AE3562002CB6B3 /* 398-hw11 */;
			targetProxy = 175AD25021AE3562002CB6B3 /* PBXContainerItemProxy */;
		};
/* End PBXTargetDependency section */

/* Begin PBXVariantGroup section */
		175AD23721AE3562002CB6B3 /* Main.storyboard */ = {
			isa = PBXVariantGroup;
			children = (
				175AD23821AE3562002CB6B3 /* Base */,
			);
			name = Main.storyboard;
			sourceTree = "<group>";
		};
		175AD23C21AE3562002CB6B3 /* LaunchScreen.storyboard */ = {
			isa = PBXVariantGroup;
			children = (
				175AD23D21AE3562002CB6B3 /* Base */,
			);
			name = LaunchScreen.storyboard;
			sourceTree = "<group>";
		};
/* End PBXVariantGroup section */

/* Begin XCBuildConfiguration section */
		175AD25621AE3562002CB6B3 /* Debug */ = {
			isa = XCBuildConfiguration;
			buildSettings = {
				ALWAYS_SEARCH_USER_PATHS = NO;
				CLANG_ANALYZER_NONNULL = YES;
				CLANG_ANALYZER_NUMBER_OBJECT_CONVERSION = YES_AGGRESSIVE;
				CLANG_CXX_LANGUAGE_STANDARD = "gnu++14";
				CLANG_CXX_LIBRARY = "libc++";
				CLANG_ENABLE_MODULES = YES;
				CLANG_ENABLE_OBJC_ARC = YES;
				CLANG_WARN_BLOCK_CAPTURE_AUTORELEASING = YES;
				CLANG_WARN_BOOL_CONVERSION = YES;
				CLANG_WARN_COMMA = YES;
				CLANG_WARN_CONSTANT_CONVERSION = YES;
				CLANG_WARN_DIRECT_OBJC_ISA_USAGE = YES_ERROR;
				CLANG_WARN_DOCUMENTATION_COMMENTS = YES;
				CLANG_WARN_EMPTY_BODY = YES;
				CLANG_WARN_ENUM_CONVERSION = YES;
				CLANG_WARN_INFINITE_RECURSION = YES;
				CLANG_WARN_INT_CONVERSION = YES;
				CLANG_WARN_NON_LITERAL_NULL_CONVERSION = YES;
				CLANG_WARN_OBJC_LITERAL_CONVERSION = YES;
				CLANG_WARN_OBJC_ROOT_CLASS = YES_ERROR;
				CLANG_WARN_RANGE_LOOP_ANALYSIS = YES;
				CLANG_WARN_STRICT_PROTOTYPES = YES;
				CLANG_WARN_SUSPICIOUS_MOVE = YES;
				CLANG_WARN_UNGUARDED_AVAILABILITY = YES_AGGRESSIVE;
				CLANG_WARN_UNREACHABLE_CODE = YES;
				CLANG_WARN__DUPLICATE_METHOD_MATCH = YES;
				CODE_SIGN_IDENTITY = "iPhone Developer";
				COPY_PHASE_STRIP = NO;
				DEBUG_INFORMATION_FORMAT = dwarf;
				ENABLE_STRICT_OBJC_MSGSEND = YES;
				ENABLE_TESTABILITY = YES;
				GCC_C_LANGUAGE_STANDARD = gnu11;
				GCC_DYNAMIC_NO_PIC = NO;
				GCC_NO_COMMON_BLOCKS = YES;
				GCC_OPTIMIZATION_LEVEL = 0;
				GCC_PREPROCESSOR_DEFINITIONS = (
					"DEBUG=1",
					"$(inherited)",
				);
				GCC_WARN_64_TO_32_BIT_CONVERSION = YES;
				GCC_WARN_ABOUT_RETURN_TYPE = YES_ERROR;
				GCC_WARN_UNDECLARED_SELECTOR = YES;
				GCC_WARN_UNINITIALIZED_AUTOS = YES_AGGRESSIVE;
				GCC_WARN_UNUSED_FUNCTION = YES;
				GCC_WARN_UNUSED_VARIABLE = YES;
				IPHONEOS_DEPLOYMENT_TARGET = 11.2;
				MTL_ENABLE_DEBUG_INFO = YES;
				ONLY_ACTIVE_ARCH = YES;
				SDKROOT = iphoneos;
				SWIFT_ACTIVE_COMPILATION_CONDITIONS = DEBUG;
				SWIFT_OPTIMIZATION_LEVEL = "-Onone";
			};
			name = Debug;
		};
		175AD25721AE3562002CB6B3 /* Release */ = {
			isa = XCBuildConfiguration;
			buildSettings = {
				ALWAYS_SEARCH_USER_PATHS = NO;
				CLANG_ANALYZER_NONNULL = YES;
				CLANG_ANALYZER_NUMBER_OBJECT_CONVERSION = YES_AGGRESSIVE;
				CLANG_CXX_LANGUAGE_STANDARD = "gnu++14";
				CLANG_CXX_LIBRARY = "libc++";
				CLANG_ENABLE_MODULES = YES;
				CLANG_ENABLE_OBJC_ARC = YES;
				CLANG_WARN_BLOCK_CAPTURE_AUTORELEASING = YES;
				CLANG_WARN_BOOL_CONVERSION = YES;
				CLANG_WARN_COMMA = YES;
				CLANG_WARN_CONSTANT_CONVERSION = YES;
				CLANG_WARN_DIRECT_OBJC_ISA_USAGE = YES_ERROR;
				CLANG_WARN_DOCUMENTATION_COMMENTS = YES;
				CLANG_WARN_EMPTY_BODY = YES;
				CLANG_WARN_ENUM_CONVERSION = YES;
				CLANG_WARN_INFINITE_RECURSION = YES;
				CLANG_WARN_INT_CONVERSION = YES;
				CLANG_WARN_NON_LITERAL_NULL_CONVERSION = YES;
				CLANG_WARN_OBJC_LITERAL_CONVERSION = YES;
				CLANG_WARN_OBJC_ROOT_CLASS = YES_ERROR;
				CLANG_WARN_RANGE_LOOP_ANALYSIS = YES;
				CLANG_WARN_STRICT_PROTOTYPES = YES;
				CLANG_WARN_SUSPICIOUS_MOVE = YES;
				CLANG_WARN_UNGUARDED_AVAILABILITY = YES_AGGRESSIVE;
				CLANG_WARN_UNREACHABLE_CODE = YES;
				CLANG_WARN__DUPLICATE_METHOD_MATCH = YES;
				CODE_SIGN_IDENTITY = "iPhone Developer";
				COPY_PHASE_STRIP = NO;
				DEBUG_INFORMATION_FORMAT = "dwarf-with-dsym";
				ENABLE_NS_ASSERTIONS = NO;
				ENABLE_STRICT_OBJC_MSGSEND = YES;
				GCC_C_LANGUAGE_STANDARD = gnu11;
				GCC_NO_COMMON_BLOCKS = YES;
				GCC_WARN_64_TO_32_BIT_CONVERSION = YES;
				GCC_WARN_ABOUT_RETURN_TYPE = YES_ERROR;
				GCC_WARN_UNDECLARED_SELECTOR = YES;
				GCC_WARN_UNINITIALIZED_AUTOS = YES_AGGRESSIVE;
				GCC_WARN_UNUSED_FUNCTION = YES;
				GCC_WARN_UNUSED_VARIABLE = YES;
				IPHONEOS_DEPLOYMENT_TARGET = 11.2;
				MTL_ENABLE_DEBUG_INFO = NO;
				SDKROOT = iphoneos;
				SWIFT_OPTIMIZATION_LEVEL = "-Owholemodule";
				VALIDATE_PRODUCT = YES;
			};
			name = Release;
		};
		175AD25921AE3562002CB6B3 /* Debug */ = {
			isa = XCBuildConfiguration;
			buildSettings = {
				ASSETCATALOG_COMPILER_APPICON_NAME = AppIcon;
				CODE_SIGN_STYLE = Automatic;
				INFOPLIST_FILE = "398-hw11/Info.plist";
				LD_RUNPATH_SEARCH_PATHS = "$(inherited) @executable_path/Frameworks";
				PRODUCT_BUNDLE_IDENTIFIER = "edu.umich.jkgags.-98-hw11";
				PRODUCT_NAME = "$(TARGET_NAME)";
				SWIFT_VERSION = 4.0;
				TARGETED_DEVICE_FAMILY = "1,2";
			};
			name = Debug;
		};
		175AD25A21AE3562002CB6B3 /* Release */ = {
			isa = XCBuildConfiguration;
			buildSettings = {
				ASSETCATALOG_COMPILER_APPICON_NAME = AppIcon;
				CODE_SIGN_STYLE = Automatic;
				INFOPLIST_FILE = "398-hw11/Info.plist";
				LD_RUNPATH_SEARCH_PATHS = "$(inherited) @executable_path/Frameworks";
				PRODUCT_BUNDLE_IDENTIFIER = "edu.umich.jkgags.-98-hw11";
				PRODUCT_NAME = "$(TARGET_NAME)";
				SWIFT_VERSION = 4.0;
				TARGETED_DEVICE_FAMILY = "1,2";
			};
			name = Release;
		};
		175AD25C21AE3562002CB6B3 /* Debug */ = {
			isa = XCBuildConfiguration;
			buildSettings = {
				ALWAYS_EMBED_SWIFT_STANDARD_LIBRARIES = YES;
				BUNDLE_LOADER = "$(TEST_HOST)";
				CODE_SIGN_STYLE = Automatic;
				INFOPLIST_FILE = "398-hw11Tests/Info.plist";
				LD_RUNPATH_SEARCH_PATHS = "$(inherited) @executable_path/Frameworks @loader_path/Frameworks";
				PRODUCT_BUNDLE_IDENTIFIER = "edu.umich.jkgags.-98-hw11Tests";
				PRODUCT_NAME = "$(TARGET_NAME)";
				SWIFT_VERSION = 4.0;
				TARGETED_DEVICE_FAMILY = "1,2";
				TEST_HOST = "$(BUILT_PRODUCTS_DIR)/398-hw11.app/398-hw11";
			};
			name = Debug;
		};
		175AD25D21AE3562002CB6B3 /* Release */ = {
			isa = XCBuildConfiguration;
			buildSettings = {
				ALWAYS_EMBED_SWIFT_STANDARD_LIBRARIES = YES;
				BUNDLE_LOADER = "$(TEST_HOST)";
				CODE_SIGN_STYLE = Automatic;
				INFOPLIST_FILE = "398-hw11Tests/Info.plist";
				LD_RUNPATH_SEARCH_PATHS = "$(inherited) @executable_path/Frameworks @loader_path/Frameworks";
				PRODUCT_BUNDLE_IDENTIFIER = "edu.umich.jkgags.-98-hw11Tests";
				PRODUCT_NAME = "$(TARGET_NAME)";
				SWIFT_VERSION = 4.0;
				TARGETED_DEVICE_FAMILY = "1,2";
				TEST_HOST = "$(BUILT_PRODUCTS_DIR)/398-hw11.app/398-hw11";
			};
			name = Release;
		};
		175AD25F21AE3562002CB6B3 /* Debug */ = {
			isa = XCBuildConfiguration;
			buildSettings = {
				ALWAYS_EMBED_SWIFT_STANDARD_LIBRARIES = YES;
				CODE_SIGN_STYLE = Automatic;
				INFOPLIST_FILE = "398-hw11UITests/Info.plist";
				LD_RUNPATH_SEARCH_PATHS = "$(inherited) @executable_path/Frameworks @loader_path/Frameworks";
				PRODUCT_BUNDLE_IDENTIFIER = "edu.umich.jkgags.-98-hw11UITests";
				PRODUCT_NAME = "$(TARGET_NAME)";
				SWIFT_VERSION = 4.0;
				TARGETED_DEVICE_FAMILY = "1,2";
				TEST_TARGET_NAME = "398-hw11";
			};
			name = Debug;
		};
		175AD26021AE3562002CB6B3 /* Release */ = {
			isa = XCBuildConfiguration;
			buildSettings = {
				ALWAYS_EMBED_SWIFT_STANDARD_LIBRARIES = YES;
				CODE_SIGN_STYLE = Automatic;
				INFOPLIST_FILE = "398-hw11UITests/Info.plist";
				LD_RUNPATH_SEARCH_PATHS = "$(inherited) @executable_path/Frameworks @loader_path/Frameworks";
				PRODUCT_BUNDLE_IDENTIFIER = "edu.umich.jkgags.-98-hw11UITests";
				PRODUCT_NAME = "$(TARGET_NAME)";
				SWIFT_VERSION = 4.0;
				TARGETED_DEVICE_FAMILY = "1,2";
				TEST_TARGET_NAME = "398-hw11";
			};
			name = Release;
		};
/* End XCBuildConfiguration section */

/* Begin XCConfigurationList section */
		175AD22B21AE3562002CB6B3 /* Build configuration list for PBXProject "398-hw11" */ = {
			isa = XCConfigurationList;
			buildConfigurations = (
				175AD25621AE3562002CB6B3 /* Debug */,
				175AD25721AE3562002CB6B3 /* Release */,
			);
			defaultConfigurationIsVisible = 0;
			defaultConfigurationName = Release;
		};
		175AD25821AE3562002CB6B3 /* Build configuration list for PBXNativeTarget "398-hw11" */ = {
			isa = XCConfigurationList;
			buildConfigurations = (
				175AD25921AE3562002CB6B3 /* Debug */,
				175AD25A21AE3562002CB6B3 /* Release */,
			);
			defaultConfigurationIsVisible = 0;
			defaultConfigurationName = Release;
		};
		175AD25B21AE3562002CB6B3 /* Build configuration list for PBXNativeTarget "398-hw11Tests" */ = {
			isa = XCConfigurationList;
			buildConfigurations = (
				175AD25C21AE3562002CB6B3 /* Debug */,
				175AD25D21AE3562002CB6B3 /* Release */,
			);
			defaultConfigurationIsVisible = 0;
			defaultConfigurationName = Release;
		};
		175AD25E21AE3562002CB6B3 /* Build configuration list for PBXNativeTarget "398-hw11UITests" */ = {
			isa = XCConfigurationList;
			buildConfigurations = (
				175AD25F21AE3562002CB6B3 /* Debug */,
				175AD26021AE3562002CB6B3 /* Release */,
			);
			defaultConfigurationIsVisible = 0;
			defaultConfigurationName = Release;
		};
/* End XCConfigurationList section */
	};
	rootObject = 175AD22821AE3562002CB6B3 /* Project object */;
}
